
Microsoft Visual Studio Solution File, Format Version 12.00
# Visual Studio 15
VisualStudioVersion = 15.0.28010.2048
MinimumVisualStudioVersion = 10.0.40219.1
Project("{FAE04EC0-301F-11D3-BF4B-00C04F79EFBC}") = "WordUnscrambler", "WordUnscrambler\WordUnscrambler.csproj", "{9C886C03-9BCD-4726-A8DA-AF2A0536100A}"
EndProject
Global
	GlobalSection(SolutionConfigurationPlatforms) = preSolution
		Debug|Any CPU = Debug|Any CPU
		Release|Any CPU = Release|Any CPU
	EndGlobalSection
	GlobalSection(ProjectConfigurationPlatforms) = postSolution
		{9C886C03-9BCD-4726-A8DA-AF2A0536100A}.Debug|Any CPU.ActiveCfg = Debug|Any CPU
		{9C886C03-9BCD-4726-A8DA-AF2A0536100A}.Debug|Any CPU.Build.0 = Debug|Any CPU
		{9C886C03-9BCD-4726-A8DA-AF2A0536100A}.Release|Any CPU.ActiveCfg = Release|Any CPU
		{9C886C03-9BCD-4726-A8DA-AF2A0536100A}.Release|Any CPU.Build.0 = Release|Any CPU
	EndGlobalSection
	GlobalSection(SolutionProperties) = preSolution
		HideSolutionNode = FALSE
	EndGlobalSection
	GlobalSection(ExtensibilityGlobals) = postSolution
		SolutionGuid = {D937C4F1-4138-4DBA-8D18-B41846742201}
	EndGlobalSection
EndGlobal
